{
    "name": "miniprogramme",
    "version": "1.0.0",
    "lockfileVersion": 2,
    "requires": true,
    "packages": {
        "": {
            "name": "miniprogramme",
            "version": "1.0.0",
            "license": "ISC",
            "dependencies": {
                "@paddlejs-mediapipe/opencv": "^0.0.4",
                "@paddlejs-models/ocr": "^1.2.3",
                "lin-ui": "^0.9.8",
                "mp-html": "^2.3.0",
                "paddlejs": "^1.0.17"
            }
        },
        "node_modules/@paddlejs-mediapipe/opencv": {
            "version": "0.0.4",
            "resolved": "https://registry.npmjs.org/@paddlejs-mediapipe/opencv/-/opencv-0.0.4.tgz",
            "integrity": "sha512-bfwixZPKGFh7JcAtLToTBmBiu/nyQjVrm0gf/pn92apHJQEYyhnAFGvgDubmqQbijmtP2/fbOMR4CuSSlq2g8w=="
        },
        "node_modules/@paddlejs-models/ocr": {
            "version": "1.2.3",
            "resolved": "https://registry.npmjs.org/@paddlejs-models/ocr/-/ocr-1.2.3.tgz",
            "integrity": "sha512-/2tvKgMKNRiE5Tzp7QV5Izw96ibKsnyXrJtrhy/nX3hrKRYKDuFYPlNBb4jrYmXd6M1UI5Zp4XYieTty8vGDCQ==",
            "dependencies": {
                "@paddlejs-mediapipe/opencv": "0.0.4",
                "@paddlejs/paddlejs-backend-webgl": "^1.1.19",
                "@paddlejs/paddlejs-core": "^2.1.17"
            }
        },
        "node_modules/@paddlejs/paddlejs-backend-webgl": {
            "version": "1.2.0",
            "resolved": "https://registry.npmjs.org/@paddlejs/paddlejs-backend-webgl/-/paddlejs-backend-webgl-1.2.0.tgz",
            "integrity": "sha512-bKJKJkGldC3NPOuJyk+372z0XW1dd1D9lR0f9OHqWQboY0Mkah+gX+8tkerrNg+QjYz88IW0iJaRKB0jm+6d9g=="
        },
        "node_modules/@paddlejs/paddlejs-core": {
            "version": "2.1.19",
            "resolved": "https://registry.npmjs.org/@paddlejs/paddlejs-core/-/paddlejs-core-2.1.19.tgz",
            "integrity": "sha512-fyuT28T/OxabAWo2ukxD7t9NiwEkuvmBtggOJq3hpF+bF7IzjMbpPpq/1b0kHE3DqebqjPjRWmMp/KJD64PCEw=="
        },
        "node_modules/lin-ui": {
            "version": "0.9.8",
            "resolved": "https://registry.npmjs.org/lin-ui/-/lin-ui-0.9.8.tgz",
            "integrity": "sha512-Csls0I6d+1djeiti/R2A6/2y+wyGR7dvovevhzRLPIZSrHByV3isuFyKKwWo3g0iLkVeiraRv/qzLSGw1481JQ=="
        },
        "node_modules/mp-html": {
            "version": "2.3.0",
            "resolved": "https://registry.npmjs.org/mp-html/-/mp-html-2.3.0.tgz",
            "integrity": "sha512-vHoVrp6FhGaK/Y/9VPk/q1ou6+xNlGFC3g2QGkjTa4HJegdwl63lm/gXEp4/AN/4ns4sjMSlLB0eImvjR/jQcA=="
        },
        "node_modules/paddlejs": {
            "version": "1.0.17",
            "resolved": "https://registry.npmjs.org/paddlejs/-/paddlejs-1.0.17.tgz",
            "integrity": "sha512-2wPzqjZYRDUdad+FIWPaP8J+G7GmxorrJsbFZ7jjvNctmfcAitcHHOCVPT2MGu3Y1EHA+wmczdcE8JxC98eswA=="
        }
    },
    "dependencies": {
        "@paddlejs-mediapipe/opencv": {
            "version": "0.0.4",
            "resolved": "https://registry.npmjs.org/@paddlejs-mediapipe/opencv/-/opencv-0.0.4.tgz",
            "integrity": "sha512-bfwixZPKGFh7JcAtLToTBmBiu/nyQjVrm0gf/pn92apHJQEYyhnAFGvgDubmqQbijmtP2/fbOMR4CuSSlq2g8w=="
        },
        "@paddlejs-models/ocr": {
            "version": "1.2.3",
            "resolved": "https://registry.npmjs.org/@paddlejs-models/ocr/-/ocr-1.2.3.tgz",
            "integrity": "sha512-/2tvKgMKNRiE5Tzp7QV5Izw96ibKsnyXrJtrhy/nX3hrKRYKDuFYPlNBb4jrYmXd6M1UI5Zp4XYieTty8vGDCQ==",
            "requires": {
                "@paddlejs-mediapipe/opencv": "0.0.4",
                "@paddlejs/paddlejs-backend-webgl": "^1.1.19",
                "@paddlejs/paddlejs-core": "^2.1.17"
            }
        },
        "@paddlejs/paddlejs-backend-webgl": {
            "version": "1.2.0",
            "resolved": "https://registry.npmjs.org/@paddlejs/paddlejs-backend-webgl/-/paddlejs-backend-webgl-1.2.0.tgz",
            "integrity": "sha512-bKJKJkGldC3NPOuJyk+372z0XW1dd1D9lR0f9OHqWQboY0Mkah+gX+8tkerrNg+QjYz88IW0iJaRKB0jm+6d9g=="
        },
        "@paddlejs/paddlejs-core": {
            "version": "2.1.19",
            "resolved": "https://registry.npmjs.org/@paddlejs/paddlejs-core/-/paddlejs-core-2.1.19.tgz",
            "integrity": "sha512-fyuT28T/OxabAWo2ukxD7t9NiwEkuvmBtggOJq3hpF+bF7IzjMbpPpq/1b0kHE3DqebqjPjRWmMp/KJD64PCEw=="
        },
        "lin-ui": {
            "version": "0.9.8",
            "resolved": "https://registry.npmjs.org/lin-ui/-/lin-ui-0.9.8.tgz",
            "integrity": "sha512-Csls0I6d+1djeiti/R2A6/2y+wyGR7dvovevhzRLPIZSrHByV3isuFyKKwWo3g0iLkVeiraRv/qzLSGw1481JQ=="
        },
        "mp-html": {
            "version": "2.3.0",
            "resolved": "https://registry.npmjs.org/mp-html/-/mp-html-2.3.0.tgz",
            "integrity": "sha512-vHoVrp6FhGaK/Y/9VPk/q1ou6+xNlGFC3g2QGkjTa4HJegdwl63lm/gXEp4/AN/4ns4sjMSlLB0eImvjR/jQcA=="
        },
        "paddlejs": {
            "version": "1.0.17",
            "resolved": "https://registry.npmjs.org/paddlejs/-/paddlejs-1.0.17.tgz",
            "integrity": "sha512-2wPzqjZYRDUdad+FIWPaP8J+G7GmxorrJsbFZ7jjvNctmfcAitcHHOCVPT2MGu3Y1EHA+wmczdcE8JxC98eswA=="
        }
    }
}
